
Microsoft Visual Studio Solution File, Format Version 12.00
# Visual Studio 15
VisualStudioVersion = 15.0.27004.2006
MinimumVisualStudioVersion = 10.0.40219.1
Project("{FAE04EC0-301F-11D3-BF4B-00C04F79EFBC}") = "GrupoExito.Android", "GrupoExito.Android\GrupoExito.Android.csproj", "{B9707591-2850-4732-A2F8-53B55A865C91}"
EndProject
Project("{9A19103F-16F7-4668-BE54-9A1E7A4F7556}") = "GrupoExito.Logic", "GrupoExito.Logic\GrupoExito.Logic.csproj", "{CE2BDC7F-66F3-4A61-9C84-15643B74C7A3}"
EndProject
Project("{9A19103F-16F7-4668-BE54-9A1E7A4F7556}") = "GrupoExito.Entities", "GrupoExito.Entities\GrupoExito.Entities.csproj", "{4462058A-77A5-4F3E-92A3-EB6A46D5FD9D}"
EndProject
Project("{9A19103F-16F7-4668-BE54-9A1E7A4F7556}") = "GrupoExito.DataAgent", "GrupoExito.DataAgent\GrupoExito.DataAgent.csproj", "{C3EC3DE2-5494-451C-BE78-6C6B9A9A75F4}"
EndProject
Project("{9A19103F-16F7-4668-BE54-9A1E7A4F7556}") = "GrupoExito.Utilities", "GrupoExito.Utilities\GrupoExito.Utilities.csproj", "{0FCA8535-6671-417F-8F40-BFB005B22BD3}"
EndProject
Project("{2150E333-8FDC-42A3-9474-1A3956D46DE8}") = "Apps", "Apps", "{4CFA97A2-4FF3-4C1D-A241-AB515F1AA8D8}"
EndProject
Project("{2150E333-8FDC-42A3-9474-1A3956D46DE8}") = "Shared", "Shared", "{113E3C2A-1A0C-44B4-B5BC-E6A6550DBA45}"
EndProject
Project("{2150E333-8FDC-42A3-9474-1A3956D46DE8}") = "Test", "Test", "{23F3CAFE-73E4-4E17-9AB6-E89DA96DC7EF}"
EndProject
Project("{9A19103F-16F7-4668-BE54-9A1E7A4F7556}") = "GrupoExito.Unit.Test", "GrupoExito.Unit.Test\GrupoExito.Unit.Test.csproj", "{8F679995-9C4B-4667-9790-AB72E9FCC90E}"
EndProject
Project("{FAE04EC0-301F-11D3-BF4B-00C04F79EFBC}") = "GrupoExito.Models", "GrupoExito.Models\GrupoExito.Models.csproj", "{4F0CB335-ED10-498B-A2A2-0D4B3CF40227}"
EndProject
Project("{FAE04EC0-301F-11D3-BF4B-00C04F79EFBC}") = "GrupoExito.iOS", "GrupoExito.iOS\GrupoExito.iOS.csproj", "{044C62DA-281F-4424-951F-5673FC23F90E}"
EndProject
Global
	GlobalSection(SolutionConfigurationPlatforms) = preSolution
		Ad-Hoc|Any CPU = Ad-Hoc|Any CPU
		Ad-Hoc|ARM = Ad-Hoc|ARM
		Ad-Hoc|iPhone = Ad-Hoc|iPhone
		Ad-Hoc|iPhoneSimulator = Ad-Hoc|iPhoneSimulator
		Ad-Hoc|x64 = Ad-Hoc|x64
		Ad-Hoc|x86 = Ad-Hoc|x86
		AppStore|Any CPU = AppStore|Any CPU
		AppStore|ARM = AppStore|ARM
		AppStore|iPhone = AppStore|iPhone
		AppStore|iPhoneSimulator = AppStore|iPhoneSimulator
		AppStore|x64 = AppStore|x64
		AppStore|x86 = AppStore|x86
		Debug|Any CPU = Debug|Any CPU
		Debug|ARM = Debug|ARM
		Debug|iPhone = Debug|iPhone
		Debug|iPhoneSimulator = Debug|iPhoneSimulator
		Debug|x64 = Debug|x64
		Debug|x86 = Debug|x86
		Release|Any CPU = Release|Any CPU
		Release|ARM = Release|ARM
		Release|iPhone = Release|iPhone
		Release|iPhoneSimulator = Release|iPhoneSimulator
		Release|x64 = Release|x64
		Release|x86 = Release|x86
	EndGlobalSection
	GlobalSection(ProjectConfigurationPlatforms) = postSolution
		{B9707591-2850-4732-A2F8-53B55A865C91}.Ad-Hoc|Any CPU.ActiveCfg = Release|Any CPU
		{B9707591-2850-4732-A2F8-53B55A865C91}.Ad-Hoc|Any CPU.Build.0 = Release|Any CPU
		{B9707591-2850-4732-A2F8-53B55A865C91}.Ad-Hoc|Any CPU.Deploy.0 = Release|Any CPU
		{B9707591-2850-4732-A2F8-53B55A865C91}.Ad-Hoc|ARM.ActiveCfg = Debug|Any CPU
		{B9707591-2850-4732-A2F8-53B55A865C91}.Ad-Hoc|ARM.Build.0 = Debug|Any CPU
		{B9707591-2850-4732-A2F8-53B55A865C91}.Ad-Hoc|ARM.Deploy.0 = Debug|Any CPU
		{B9707591-2850-4732-A2F8-53B55A865C91}.Ad-Hoc|iPhone.ActiveCfg = Release|Any CPU
		{B9707591-2850-4732-A2F8-53B55A865C91}.Ad-Hoc|iPhone.Build.0 = Release|Any CPU
		{B9707591-2850-4732-A2F8-53B55A865C91}.Ad-Hoc|iPhone.Deploy.0 = Release|Any CPU
		{B9707591-2850-4732-A2F8-53B55A865C91}.Ad-Hoc|iPhoneSimulator.ActiveCfg = Release|Any CPU
		{B9707591-2850-4732-A2F8-53B55A865C91}.Ad-Hoc|iPhoneSimulator.Build.0 = Release|Any CPU
		{B9707591-2850-4732-A2F8-53B55A865C91}.Ad-Hoc|iPhoneSimulator.Deploy.0 = Release|Any CPU
		{B9707591-2850-4732-A2F8-53B55A865C91}.Ad-Hoc|x64.ActiveCfg = Debug|Any CPU
		{B9707591-2850-4732-A2F8-53B55A865C91}.Ad-Hoc|x64.Build.0 = Debug|Any CPU
		{B9707591-2850-4732-A2F8-53B55A865C91}.Ad-Hoc|x64.Deploy.0 = Debug|Any CPU
		{B9707591-2850-4732-A2F8-53B55A865C91}.Ad-Hoc|x86.ActiveCfg = Debug|Any CPU
		{B9707591-2850-4732-A2F8-53B55A865C91}.Ad-Hoc|x86.Build.0 = Debug|Any CPU
		{B9707591-2850-4732-A2F8-53B55A865C91}.Ad-Hoc|x86.Deploy.0 = Debug|Any CPU
		{B9707591-2850-4732-A2F8-53B55A865C91}.AppStore|Any CPU.ActiveCfg = Release|Any CPU
		{B9707591-2850-4732-A2F8-53B55A865C91}.AppStore|Any CPU.Build.0 = Release|Any CPU
		{B9707591-2850-4732-A2F8-53B55A865C91}.AppStore|Any CPU.Deploy.0 = Release|Any CPU
		{B9707591-2850-4732-A2F8-53B55A865C91}.AppStore|ARM.ActiveCfg = Debug|Any CPU
		{B9707591-2850-4732-A2F8-53B55A865C91}.AppStore|ARM.Build.0 = Debug|Any CPU
		{B9707591-2850-4732-A2F8-53B55A865C91}.AppStore|ARM.Deploy.0 = Debug|Any CPU
		{B9707591-2850-4732-A2F8-53B55A865C91}.AppStore|iPhone.ActiveCfg = Release|Any CPU
		{B9707591-2850-4732-A2F8-53B55A865C91}.AppStore|iPhone.Build.0 = Release|Any CPU
		{B9707591-2850-4732-A2F8-53B55A865C91}.AppStore|iPhone.Deploy.0 = Release|Any CPU
		{B9707591-2850-4732-A2F8-53B55A865C91}.AppStore|iPhoneSimulator.ActiveCfg = Release|Any CPU
		{B9707591-2850-4732-A2F8-53B55A865C91}.AppStore|iPhoneSimulator.Build.0 = Release|Any CPU
		{B9707591-2850-4732-A2F8-53B55A865C91}.AppStore|iPhoneSimulator.Deploy.0 = Release|Any CPU
		{B9707591-2850-4732-A2F8-53B55A865C91}.AppStore|x64.ActiveCfg = Debug|Any CPU
		{B9707591-2850-4732-A2F8-53B55A865C91}.AppStore|x64.Build.0 = Debug|Any CPU
		{B9707591-2850-4732-A2F8-53B55A865C91}.AppStore|x64.Deploy.0 = Debug|Any CPU
		{B9707591-2850-4732-A2F8-53B55A865C91}.AppStore|x86.ActiveCfg = Debug|Any CPU
		{B9707591-2850-4732-A2F8-53B55A865C91}.AppStore|x86.Build.0 = Debug|Any CPU
		{B9707591-2850-4732-A2F8-53B55A865C91}.AppStore|x86.Deploy.0 = Debug|Any CPU
		{B9707591-2850-4732-A2F8-53B55A865C91}.Debug|Any CPU.ActiveCfg = Debug|Any CPU
		{B9707591-2850-4732-A2F8-53B55A865C91}.Debug|Any CPU.Build.0 = Debug|Any CPU
		{B9707591-2850-4732-A2F8-53B55A865C91}.Debug|Any CPU.Deploy.0 = Debug|Any CPU
		{B9707591-2850-4732-A2F8-53B55A865C91}.Debug|ARM.ActiveCfg = Debug|Any CPU
		{B9707591-2850-4732-A2F8-53B55A865C91}.Debug|ARM.Build.0 = Debug|Any CPU
		{B9707591-2850-4732-A2F8-53B55A865C91}.Debug|ARM.Deploy.0 = Debug|Any CPU
		{B9707591-2850-4732-A2F8-53B55A865C91}.Debug|iPhone.ActiveCfg = Debug|Any CPU
		{B9707591-2850-4732-A2F8-53B55A865C91}.Debug|iPhone.Build.0 = Debug|Any CPU
		{B9707591-2850-4732-A2F8-53B55A865C91}.Debug|iPhone.Deploy.0 = Debug|Any CPU
		{B9707591-2850-4732-A2F8-53B55A865C91}.Debug|iPhoneSimulator.ActiveCfg = Debug|Any CPU
		{B9707591-2850-4732-A2F8-53B55A865C91}.Debug|iPhoneSimulator.Build.0 = Debug|Any CPU
		{B9707591-2850-4732-A2F8-53B55A865C91}.Debug|iPhoneSimulator.Deploy.0 = Debug|Any CPU
		{B9707591-2850-4732-A2F8-53B55A865C91}.Debug|x64.ActiveCfg = Debug|Any CPU
		{B9707591-2850-4732-A2F8-53B55A865C91}.Debug|x64.Build.0 = Debug|Any CPU
		{B9707591-2850-4732-A2F8-53B55A865C91}.Debug|x64.Deploy.0 = Debug|Any CPU
		{B9707591-2850-4732-A2F8-53B55A865C91}.Debug|x86.ActiveCfg = Debug|Any CPU
		{B9707591-2850-4732-A2F8-53B55A865C91}.Debug|x86.Build.0 = Debug|Any CPU
		{B9707591-2850-4732-A2F8-53B55A865C91}.Debug|x86.Deploy.0 = Debug|Any CPU
		{B9707591-2850-4732-A2F8-53B55A865C91}.Release|Any CPU.ActiveCfg = Release|Any CPU
		{B9707591-2850-4732-A2F8-53B55A865C91}.Release|Any CPU.Build.0 = Release|Any CPU
		{B9707591-2850-4732-A2F8-53B55A865C91}.Release|Any CPU.Deploy.0 = Release|Any CPU
		{B9707591-2850-4732-A2F8-53B55A865C91}.Release|ARM.ActiveCfg = Release|Any CPU
		{B9707591-2850-4732-A2F8-53B55A865C91}.Release|ARM.Build.0 = Release|Any CPU
		{B9707591-2850-4732-A2F8-53B55A865C91}.Release|ARM.Deploy.0 = Release|Any CPU
		{B9707591-2850-4732-A2F8-53B55A865C91}.Release|iPhone.ActiveCfg = Release|Any CPU
		{B9707591-2850-4732-A2F8-53B55A865C91}.Release|iPhone.Build.0 = Release|Any CPU
		{B9707591-2850-4732-A2F8-53B55A865C91}.Release|iPhone.Deploy.0 = Release|Any CPU
		{B9707591-2850-4732-A2F8-53B55A865C91}.Release|iPhoneSimulator.ActiveCfg = Release|Any CPU
		{B9707591-2850-4732-A2F8-53B55A865C91}.Release|iPhoneSimulator.Build.0 = Release|Any CPU
		{B9707591-2850-4732-A2F8-53B55A865C91}.Release|iPhoneSimulator.Deploy.0 = Release|Any CPU
		{B9707591-2850-4732-A2F8-53B55A865C91}.Release|x64.ActiveCfg = Release|Any CPU
		{B9707591-2850-4732-A2F8-53B55A865C91}.Release|x64.Build.0 = Release|Any CPU
		{B9707591-2850-4732-A2F8-53B55A865C91}.Release|x64.Deploy.0 = Release|Any CPU
		{B9707591-2850-4732-A2F8-53B55A865C91}.Release|x86.ActiveCfg = Release|Any CPU
		{B9707591-2850-4732-A2F8-53B55A865C91}.Release|x86.Build.0 = Release|Any CPU
		{B9707591-2850-4732-A2F8-53B55A865C91}.Release|x86.Deploy.0 = Release|Any CPU
		{CE2BDC7F-66F3-4A61-9C84-15643B74C7A3}.Ad-Hoc|Any CPU.ActiveCfg = Debug|Any CPU
		{CE2BDC7F-66F3-4A61-9C84-15643B74C7A3}.Ad-Hoc|Any CPU.Build.0 = Debug|Any CPU
		{CE2BDC7F-66F3-4A61-9C84-15643B74C7A3}.Ad-Hoc|ARM.ActiveCfg = Debug|Any CPU
		{CE2BDC7F-66F3-4A61-9C84-15643B74C7A3}.Ad-Hoc|ARM.Build.0 = Debug|Any CPU
		{CE2BDC7F-66F3-4A61-9C84-15643B74C7A3}.Ad-Hoc|iPhone.ActiveCfg = Debug|Any CPU
		{CE2BDC7F-66F3-4A61-9C84-15643B74C7A3}.Ad-Hoc|iPhone.Build.0 = Debug|Any CPU
		{CE2BDC7F-66F3-4A61-9C84-15643B74C7A3}.Ad-Hoc|iPhoneSimulator.ActiveCfg = Debug|Any CPU
		{CE2BDC7F-66F3-4A61-9C84-15643B74C7A3}.Ad-Hoc|iPhoneSimulator.Build.0 = Debug|Any CPU
		{CE2BDC7F-66F3-4A61-9C84-15643B74C7A3}.Ad-Hoc|x64.ActiveCfg = Debug|Any CPU
		{CE2BDC7F-66F3-4A61-9C84-15643B74C7A3}.Ad-Hoc|x64.Build.0 = Debug|Any CPU
		{CE2BDC7F-66F3-4A61-9C84-15643B74C7A3}.Ad-Hoc|x86.ActiveCfg = Debug|Any CPU
		{CE2BDC7F-66F3-4A61-9C84-15643B74C7A3}.Ad-Hoc|x86.Build.0 = Debug|Any CPU
		{CE2BDC7F-66F3-4A61-9C84-15643B74C7A3}.AppStore|Any CPU.ActiveCfg = Debug|Any CPU
		{CE2BDC7F-66F3-4A61-9C84-15643B74C7A3}.AppStore|Any CPU.Build.0 = Debug|Any CPU
		{CE2BDC7F-66F3-4A61-9C84-15643B74C7A3}.AppStore|ARM.ActiveCfg = Debug|Any CPU
		{CE2BDC7F-66F3-4A61-9C84-15643B74C7A3}.AppStore|ARM.Build.0 = Debug|Any CPU
		{CE2BDC7F-66F3-4A61-9C84-15643B74C7A3}.AppStore|iPhone.ActiveCfg = Debug|Any CPU
		{CE2BDC7F-66F3-4A61-9C84-15643B74C7A3}.AppStore|iPhone.Build.0 = Debug|Any CPU
		{CE2BDC7F-66F3-4A61-9C84-15643B74C7A3}.AppStore|iPhoneSimulator.ActiveCfg = Debug|Any CPU
		{CE2BDC7F-66F3-4A61-9C84-15643B74C7A3}.AppStore|iPhoneSimulator.Build.0 = Debug|Any CPU
		{CE2BDC7F-66F3-4A61-9C84-15643B74C7A3}.AppStore|x64.ActiveCfg = Debug|Any CPU
		{CE2BDC7F-66F3-4A61-9C84-15643B74C7A3}.AppStore|x64.Build.0 = Debug|Any CPU
		{CE2BDC7F-66F3-4A61-9C84-15643B74C7A3}.AppStore|x86.ActiveCfg = Debug|Any CPU
		{CE2BDC7F-66F3-4A61-9C84-15643B74C7A3}.AppStore|x86.Build.0 = Debug|Any CPU
		{CE2BDC7F-66F3-4A61-9C84-15643B74C7A3}.Debug|Any CPU.ActiveCfg = Debug|Any CPU
		{CE2BDC7F-66F3-4A61-9C84-15643B74C7A3}.Debug|Any CPU.Build.0 = Debug|Any CPU
		{CE2BDC7F-66F3-4A61-9C84-15643B74C7A3}.Debug|ARM.ActiveCfg = Debug|Any CPU
		{CE2BDC7F-66F3-4A61-9C84-15643B74C7A3}.Debug|ARM.Build.0 = Debug|Any CPU
		{CE2BDC7F-66F3-4A61-9C84-15643B74C7A3}.Debug|iPhone.ActiveCfg = Debug|Any CPU
		{CE2BDC7F-66F3-4A61-9C84-15643B74C7A3}.Debug|iPhone.Build.0 = Debug|Any CPU
		{CE2BDC7F-66F3-4A61-9C84-15643B74C7A3}.Debug|iPhoneSimulator.ActiveCfg = Debug|Any CPU
		{CE2BDC7F-66F3-4A61-9C84-15643B74C7A3}.Debug|iPhoneSimulator.Build.0 = Debug|Any CPU
		{CE2BDC7F-66F3-4A61-9C84-15643B74C7A3}.Debug|x64.ActiveCfg = Debug|Any CPU
		{CE2BDC7F-66F3-4A61-9C84-15643B74C7A3}.Debug|x64.Build.0 = Debug|Any CPU
		{CE2BDC7F-66F3-4A61-9C84-15643B74C7A3}.Debug|x86.ActiveCfg = Debug|Any CPU
		{CE2BDC7F-66F3-4A61-9C84-15643B74C7A3}.Debug|x86.Build.0 = Debug|Any CPU
		{CE2BDC7F-66F3-4A61-9C84-15643B74C7A3}.Release|Any CPU.ActiveCfg = Release|Any CPU
		{CE2BDC7F-66F3-4A61-9C84-15643B74C7A3}.Release|Any CPU.Build.0 = Release|Any CPU
		{CE2BDC7F-66F3-4A61-9C84-15643B74C7A3}.Release|ARM.ActiveCfg = Release|Any CPU
		{CE2BDC7F-66F3-4A61-9C84-15643B74C7A3}.Release|ARM.Build.0 = Release|Any CPU
		{CE2BDC7F-66F3-4A61-9C84-15643B74C7A3}.Release|iPhone.ActiveCfg = Release|Any CPU
		{CE2BDC7F-66F3-4A61-9C84-15643B74C7A3}.Release|iPhone.Build.0 = Release|Any CPU
		{CE2BDC7F-66F3-4A61-9C84-15643B74C7A3}.Release|iPhoneSimulator.ActiveCfg = Release|Any CPU
		{CE2BDC7F-66F3-4A61-9C84-15643B74C7A3}.Release|iPhoneSimulator.Build.0 = Release|Any CPU
		{CE2BDC7F-66F3-4A61-9C84-15643B74C7A3}.Release|x64.ActiveCfg = Release|Any CPU
		{CE2BDC7F-66F3-4A61-9C84-15643B74C7A3}.Release|x64.Build.0 = Release|Any CPU
		{CE2BDC7F-66F3-4A61-9C84-15643B74C7A3}.Release|x86.ActiveCfg = Release|Any CPU
		{CE2BDC7F-66F3-4A61-9C84-15643B74C7A3}.Release|x86.Build.0 = Release|Any CPU
		{4462058A-77A5-4F3E-92A3-EB6A46D5FD9D}.Ad-Hoc|Any CPU.ActiveCfg = Debug|Any CPU
		{4462058A-77A5-4F3E-92A3-EB6A46D5FD9D}.Ad-Hoc|Any CPU.Build.0 = Debug|Any CPU
		{4462058A-77A5-4F3E-92A3-EB6A46D5FD9D}.Ad-Hoc|ARM.ActiveCfg = Debug|Any CPU
		{4462058A-77A5-4F3E-92A3-EB6A46D5FD9D}.Ad-Hoc|ARM.Build.0 = Debug|Any CPU
		{4462058A-77A5-4F3E-92A3-EB6A46D5FD9D}.Ad-Hoc|iPhone.ActiveCfg = Debug|Any CPU
		{4462058A-77A5-4F3E-92A3-EB6A46D5FD9D}.Ad-Hoc|iPhone.Build.0 = Debug|Any CPU
		{4462058A-77A5-4F3E-92A3-EB6A46D5FD9D}.Ad-Hoc|iPhoneSimulator.ActiveCfg = Debug|Any CPU
		{4462058A-77A5-4F3E-92A3-EB6A46D5FD9D}.Ad-Hoc|iPhoneSimulator.Build.0 = Debug|Any CPU
		{4462058A-77A5-4F3E-92A3-EB6A46D5FD9D}.Ad-Hoc|x64.ActiveCfg = Debug|Any CPU
		{4462058A-77A5-4F3E-92A3-EB6A46D5FD9D}.Ad-Hoc|x64.Build.0 = Debug|Any CPU
		{4462058A-77A5-4F3E-92A3-EB6A46D5FD9D}.Ad-Hoc|x86.ActiveCfg = Debug|Any CPU
		{4462058A-77A5-4F3E-92A3-EB6A46D5FD9D}.Ad-Hoc|x86.Build.0 = Debug|Any CPU
		{4462058A-77A5-4F3E-92A3-EB6A46D5FD9D}.AppStore|Any CPU.ActiveCfg = Debug|Any CPU
		{4462058A-77A5-4F3E-92A3-EB6A46D5FD9D}.AppStore|Any CPU.Build.0 = Debug|Any CPU
		{4462058A-77A5-4F3E-92A3-EB6A46D5FD9D}.AppStore|ARM.ActiveCfg = Debug|Any CPU
		{4462058A-77A5-4F3E-92A3-EB6A46D5FD9D}.AppStore|ARM.Build.0 = Debug|Any CPU
		{4462058A-77A5-4F3E-92A3-EB6A46D5FD9D}.AppStore|iPhone.ActiveCfg = Debug|Any CPU
		{4462058A-77A5-4F3E-92A3-EB6A46D5FD9D}.AppStore|iPhone.Build.0 = Debug|Any CPU
		{4462058A-77A5-4F3E-92A3-EB6A46D5FD9D}.AppStore|iPhoneSimulator.ActiveCfg = Debug|Any CPU
		{4462058A-77A5-4F3E-92A3-EB6A46D5FD9D}.AppStore|iPhoneSimulator.Build.0 = Debug|Any CPU
		{4462058A-77A5-4F3E-92A3-EB6A46D5FD9D}.AppStore|x64.ActiveCfg = Debug|Any CPU
		{4462058A-77A5-4F3E-92A3-EB6A46D5FD9D}.AppStore|x64.Build.0 = Debug|Any CPU
		{4462058A-77A5-4F3E-92A3-EB6A46D5FD9D}.AppStore|x86.ActiveCfg = Debug|Any CPU
		{4462058A-77A5-4F3E-92A3-EB6A46D5FD9D}.AppStore|x86.Build.0 = Debug|Any CPU
		{4462058A-77A5-4F3E-92A3-EB6A46D5FD9D}.Debug|Any CPU.ActiveCfg = Debug|Any CPU
		{4462058A-77A5-4F3E-92A3-EB6A46D5FD9D}.Debug|Any CPU.Build.0 = Debug|Any CPU
		{4462058A-77A5-4F3E-92A3-EB6A46D5FD9D}.Debug|ARM.ActiveCfg = Debug|Any CPU
		{4462058A-77A5-4F3E-92A3-EB6A46D5FD9D}.Debug|ARM.Build.0 = Debug|Any CPU
		{4462058A-77A5-4F3E-92A3-EB6A46D5FD9D}.Debug|iPhone.ActiveCfg = Debug|Any CPU
		{4462058A-77A5-4F3E-92A3-EB6A46D5FD9D}.Debug|iPhone.Build.0 = Debug|Any CPU
		{4462058A-77A5-4F3E-92A3-EB6A46D5FD9D}.Debug|iPhoneSimulator.ActiveCfg = Debug|Any CPU
		{4462058A-77A5-4F3E-92A3-EB6A46D5FD9D}.Debug|iPhoneSimulator.Build.0 = Debug|Any CPU
		{4462058A-77A5-4F3E-92A3-EB6A46D5FD9D}.Debug|x64.ActiveCfg = Debug|Any CPU
		{4462058A-77A5-4F3E-92A3-EB6A46D5FD9D}.Debug|x64.Build.0 = Debug|Any CPU
		{4462058A-77A5-4F3E-92A3-EB6A46D5FD9D}.Debug|x86.ActiveCfg = Debug|Any CPU
		{4462058A-77A5-4F3E-92A3-EB6A46D5FD9D}.Debug|x86.Build.0 = Debug|Any CPU
		{4462058A-77A5-4F3E-92A3-EB6A46D5FD9D}.Release|Any CPU.ActiveCfg = Release|Any CPU
		{4462058A-77A5-4F3E-92A3-EB6A46D5FD9D}.Release|Any CPU.Build.0 = Release|Any CPU
		{4462058A-77A5-4F3E-92A3-EB6A46D5FD9D}.Release|ARM.ActiveCfg = Release|Any CPU
		{4462058A-77A5-4F3E-92A3-EB6A46D5FD9D}.Release|ARM.Build.0 = Release|Any CPU
		{4462058A-77A5-4F3E-92A3-EB6A46D5FD9D}.Release|iPhone.ActiveCfg = Release|Any CPU
		{4462058A-77A5-4F3E-92A3-EB6A46D5FD9D}.Release|iPhone.Build.0 = Release|Any CPU
		{4462058A-77A5-4F3E-92A3-EB6A46D5FD9D}.Release|iPhoneSimulator.ActiveCfg = Release|Any CPU
		{4462058A-77A5-4F3E-92A3-EB6A46D5FD9D}.Release|iPhoneSimulator.Build.0 = Release|Any CPU
		{4462058A-77A5-4F3E-92A3-EB6A46D5FD9D}.Release|x64.ActiveCfg = Release|Any CPU
		{4462058A-77A5-4F3E-92A3-EB6A46D5FD9D}.Release|x64.Build.0 = Release|Any CPU
		{4462058A-77A5-4F3E-92A3-EB6A46D5FD9D}.Release|x86.ActiveCfg = Release|Any CPU
		{4462058A-77A5-4F3E-92A3-EB6A46D5FD9D}.Release|x86.Build.0 = Release|Any CPU
		{C3EC3DE2-5494-451C-BE78-6C6B9A9A75F4}.Ad-Hoc|Any CPU.ActiveCfg = Debug|Any CPU
		{C3EC3DE2-5494-451C-BE78-6C6B9A9A75F4}.Ad-Hoc|Any CPU.Build.0 = Debug|Any CPU
		{C3EC3DE2-5494-451C-BE78-6C6B9A9A75F4}.Ad-Hoc|ARM.ActiveCfg = Debug|Any CPU
		{C3EC3DE2-5494-451C-BE78-6C6B9A9A75F4}.Ad-Hoc|ARM.Build.0 = Debug|Any CPU
		{C3EC3DE2-5494-451C-BE78-6C6B9A9A75F4}.Ad-Hoc|iPhone.ActiveCfg = Debug|Any CPU
		{C3EC3DE2-5494-451C-BE78-6C6B9A9A75F4}.Ad-Hoc|iPhone.Build.0 = Debug|Any CPU
		{C3EC3DE2-5494-451C-BE78-6C6B9A9A75F4}.Ad-Hoc|iPhoneSimulator.ActiveCfg = Debug|Any CPU
		{C3EC3DE2-5494-451C-BE78-6C6B9A9A75F4}.Ad-Hoc|iPhoneSimulator.Build.0 = Debug|Any CPU
		{C3EC3DE2-5494-451C-BE78-6C6B9A9A75F4}.Ad-Hoc|x64.ActiveCfg = Debug|Any CPU
		{C3EC3DE2-5494-451C-BE78-6C6B9A9A75F4}.Ad-Hoc|x64.Build.0 = Debug|Any CPU
		{C3EC3DE2-5494-451C-BE78-6C6B9A9A75F4}.Ad-Hoc|x86.ActiveCfg = Debug|Any CPU
		{C3EC3DE2-5494-451C-BE78-6C6B9A9A75F4}.Ad-Hoc|x86.Build.0 = Debug|Any CPU
		{C3EC3DE2-5494-451C-BE78-6C6B9A9A75F4}.AppStore|Any CPU.ActiveCfg = Debug|Any CPU
		{C3EC3DE2-5494-451C-BE78-6C6B9A9A75F4}.AppStore|Any CPU.Build.0 = Debug|Any CPU
		{C3EC3DE2-5494-451C-BE78-6C6B9A9A75F4}.AppStore|ARM.ActiveCfg = Debug|Any CPU
		{C3EC3DE2-5494-451C-BE78-6C6B9A9A75F4}.AppStore|ARM.Build.0 = Debug|Any CPU
		{C3EC3DE2-5494-451C-BE78-6C6B9A9A75F4}.AppStore|iPhone.ActiveCfg = Debug|Any CPU
		{C3EC3DE2-5494-451C-BE78-6C6B9A9A75F4}.AppStore|iPhone.Build.0 = Debug|Any CPU
		{C3EC3DE2-5494-451C-BE78-6C6B9A9A75F4}.AppStore|iPhoneSimulator.ActiveCfg = Debug|Any CPU
		{C3EC3DE2-5494-451C-BE78-6C6B9A9A75F4}.AppStore|iPhoneSimulator.Build.0 = Debug|Any CPU
		{C3EC3DE2-5494-451C-BE78-6C6B9A9A75F4}.AppStore|x64.ActiveCfg = Debug|Any CPU
		{C3EC3DE2-5494-451C-BE78-6C6B9A9A75F4}.AppStore|x64.Build.0 = Debug|Any CPU
		{C3EC3DE2-5494-451C-BE78-6C6B9A9A75F4}.AppStore|x86.ActiveCfg = Debug|Any CPU
		{C3EC3DE2-5494-451C-BE78-6C6B9A9A75F4}.AppStore|x86.Build.0 = Debug|Any CPU
		{C3EC3DE2-5494-451C-BE78-6C6B9A9A75F4}.Debug|Any CPU.ActiveCfg = Debug|Any CPU
		{C3EC3DE2-5494-451C-BE78-6C6B9A9A75F4}.Debug|Any CPU.Build.0 = Debug|Any CPU
		{C3EC3DE2-5494-451C-BE78-6C6B9A9A75F4}.Debug|ARM.ActiveCfg = Debug|Any CPU
		{C3EC3DE2-5494-451C-BE78-6C6B9A9A75F4}.Debug|ARM.Build.0 = Debug|Any CPU
		{C3EC3DE2-5494-451C-BE78-6C6B9A9A75F4}.Debug|iPhone.ActiveCfg = Debug|Any CPU
		{C3EC3DE2-5494-451C-BE78-6C6B9A9A75F4}.Debug|iPhone.Build.0 = Debug|Any CPU
		{C3EC3DE2-5494-451C-BE78-6C6B9A9A75F4}.Debug|iPhoneSimulator.ActiveCfg = Debug|Any CPU
		{C3EC3DE2-5494-451C-BE78-6C6B9A9A75F4}.Debug|iPhoneSimulator.Build.0 = Debug|Any CPU
		{C3EC3DE2-5494-451C-BE78-6C6B9A9A75F4}.Debug|x64.ActiveCfg = Debug|Any CPU
		{C3EC3DE2-5494-451C-BE78-6C6B9A9A75F4}.Debug|x64.Build.0 = Debug|Any CPU
		{C3EC3DE2-5494-451C-BE78-6C6B9A9A75F4}.Debug|x86.ActiveCfg = Debug|Any CPU
		{C3EC3DE2-5494-451C-BE78-6C6B9A9A75F4}.Debug|x86.Build.0 = Debug|Any CPU
		{C3EC3DE2-5494-451C-BE78-6C6B9A9A75F4}.Release|Any CPU.ActiveCfg = Release|Any CPU
		{C3EC3DE2-5494-451C-BE78-6C6B9A9A75F4}.Release|Any CPU.Build.0 = Release|Any CPU
		{C3EC3DE2-5494-451C-BE78-6C6B9A9A75F4}.Release|ARM.ActiveCfg = Release|Any CPU
		{C3EC3DE2-5494-451C-BE78-6C6B9A9A75F4}.Release|ARM.Build.0 = Release|Any CPU
		{C3EC3DE2-5494-451C-BE78-6C6B9A9A75F4}.Release|iPhone.ActiveCfg = Release|Any CPU
		{C3EC3DE2-5494-451C-BE78-6C6B9A9A75F4}.Release|iPhone.Build.0 = Release|Any CPU
		{C3EC3DE2-5494-451C-BE78-6C6B9A9A75F4}.Release|iPhoneSimulator.ActiveCfg = Release|Any CPU
		{C3EC3DE2-5494-451C-BE78-6C6B9A9A75F4}.Release|iPhoneSimulator.Build.0 = Release|Any CPU
		{C3EC3DE2-5494-451C-BE78-6C6B9A9A75F4}.Release|x64.ActiveCfg = Release|Any CPU
		{C3EC3DE2-5494-451C-BE78-6C6B9A9A75F4}.Release|x64.Build.0 = Release|Any CPU
		{C3EC3DE2-5494-451C-BE78-6C6B9A9A75F4}.Release|x86.ActiveCfg = Release|Any CPU
		{C3EC3DE2-5494-451C-BE78-6C6B9A9A75F4}.Release|x86.Build.0 = Release|Any CPU
		{0FCA8535-6671-417F-8F40-BFB005B22BD3}.Ad-Hoc|Any CPU.ActiveCfg = Debug|Any CPU
		{0FCA8535-6671-417F-8F40-BFB005B22BD3}.Ad-Hoc|Any CPU.Build.0 = Debug|Any CPU
		{0FCA8535-6671-417F-8F40-BFB005B22BD3}.Ad-Hoc|ARM.ActiveCfg = Debug|Any CPU
		{0FCA8535-6671-417F-8F40-BFB005B22BD3}.Ad-Hoc|ARM.Build.0 = Debug|Any CPU
		{0FCA8535-6671-417F-8F40-BFB005B22BD3}.Ad-Hoc|iPhone.ActiveCfg = Debug|Any CPU
		{0FCA8535-6671-417F-8F40-BFB005B22BD3}.Ad-Hoc|iPhone.Build.0 = Debug|Any CPU
		{0FCA8535-6671-417F-8F40-BFB005B22BD3}.Ad-Hoc|iPhoneSimulator.ActiveCfg = Debug|Any CPU
		{0FCA8535-6671-417F-8F40-BFB005B22BD3}.Ad-Hoc|iPhoneSimulator.Build.0 = Debug|Any CPU
		{0FCA8535-6671-417F-8F40-BFB005B22BD3}.Ad-Hoc|x64.ActiveCfg = Debug|Any CPU
		{0FCA8535-6671-417F-8F40-BFB005B22BD3}.Ad-Hoc|x64.Build.0 = Debug|Any CPU
		{0FCA8535-6671-417F-8F40-BFB005B22BD3}.Ad-Hoc|x86.ActiveCfg = Debug|Any CPU
		{0FCA8535-6671-417F-8F40-BFB005B22BD3}.Ad-Hoc|x86.Build.0 = Debug|Any CPU
		{0FCA8535-6671-417F-8F40-BFB005B22BD3}.AppStore|Any CPU.ActiveCfg = Debug|Any CPU
		{0FCA8535-6671-417F-8F40-BFB005B22BD3}.AppStore|Any CPU.Build.0 = Debug|Any CPU
		{0FCA8535-6671-417F-8F40-BFB005B22BD3}.AppStore|ARM.ActiveCfg = Debug|Any CPU
		{0FCA8535-6671-417F-8F40-BFB005B22BD3}.AppStore|ARM.Build.0 = Debug|Any CPU
		{0FCA8535-6671-417F-8F40-BFB005B22BD3}.AppStore|iPhone.ActiveCfg = Debug|Any CPU
		{0FCA8535-6671-417F-8F40-BFB005B22BD3}.AppStore|iPhone.Build.0 = Debug|Any CPU
		{0FCA8535-6671-417F-8F40-BFB005B22BD3}.AppStore|iPhoneSimulator.ActiveCfg = Debug|Any CPU
		{0FCA8535-6671-417F-8F40-BFB005B22BD3}.AppStore|iPhoneSimulator.Build.0 = Debug|Any CPU
		{0FCA8535-6671-417F-8F40-BFB005B22BD3}.AppStore|x64.ActiveCfg = Debug|Any CPU
		{0FCA8535-6671-417F-8F40-BFB005B22BD3}.AppStore|x64.Build.0 = Debug|Any CPU
		{0FCA8535-6671-417F-8F40-BFB005B22BD3}.AppStore|x86.ActiveCfg = Debug|Any CPU
		{0FCA8535-6671-417F-8F40-BFB005B22BD3}.AppStore|x86.Build.0 = Debug|Any CPU
		{0FCA8535-6671-417F-8F40-BFB005B22BD3}.Debug|Any CPU.ActiveCfg = Debug|Any CPU
		{0FCA8535-6671-417F-8F40-BFB005B22BD3}.Debug|Any CPU.Build.0 = Debug|Any CPU
		{0FCA8535-6671-417F-8F40-BFB005B22BD3}.Debug|ARM.ActiveCfg = Debug|Any CPU
		{0FCA8535-6671-417F-8F40-BFB005B22BD3}.Debug|ARM.Build.0 = Debug|Any CPU
		{0FCA8535-6671-417F-8F40-BFB005B22BD3}.Debug|iPhone.ActiveCfg = Debug|Any CPU
		{0FCA8535-6671-417F-8F40-BFB005B22BD3}.Debug|iPhone.Build.0 = Debug|Any CPU
		{0FCA8535-6671-417F-8F40-BFB005B22BD3}.Debug|iPhoneSimulator.ActiveCfg = Debug|Any CPU
		{0FCA8535-6671-417F-8F40-BFB005B22BD3}.Debug|iPhoneSimulator.Build.0 = Debug|Any CPU
		{0FCA8535-6671-417F-8F40-BFB005B22BD3}.Debug|x64.ActiveCfg = Debug|Any CPU
		{0FCA8535-6671-417F-8F40-BFB005B22BD3}.Debug|x64.Build.0 = Debug|Any CPU
		{0FCA8535-6671-417F-8F40-BFB005B22BD3}.Debug|x86.ActiveCfg = Debug|Any CPU
		{0FCA8535-6671-417F-8F40-BFB005B22BD3}.Debug|x86.Build.0 = Debug|Any CPU
		{0FCA8535-6671-417F-8F40-BFB005B22BD3}.Release|Any CPU.ActiveCfg = Release|Any CPU
		{0FCA8535-6671-417F-8F40-BFB005B22BD3}.Release|Any CPU.Build.0 = Release|Any CPU
		{0FCA8535-6671-417F-8F40-BFB005B22BD3}.Release|ARM.ActiveCfg = Release|Any CPU
		{0FCA8535-6671-417F-8F40-BFB005B22BD3}.Release|ARM.Build.0 = Release|Any CPU
		{0FCA8535-6671-417F-8F40-BFB005B22BD3}.Release|iPhone.ActiveCfg = Release|Any CPU
		{0FCA8535-6671-417F-8F40-BFB005B22BD3}.Release|iPhone.Build.0 = Release|Any CPU
		{0FCA8535-6671-417F-8F40-BFB005B22BD3}.Release|iPhoneSimulator.ActiveCfg = Release|Any CPU
		{0FCA8535-6671-417F-8F40-BFB005B22BD3}.Release|iPhoneSimulator.Build.0 = Release|Any CPU
		{0FCA8535-6671-417F-8F40-BFB005B22BD3}.Release|x64.ActiveCfg = Release|Any CPU
		{0FCA8535-6671-417F-8F40-BFB005B22BD3}.Release|x64.Build.0 = Release|Any CPU
		{0FCA8535-6671-417F-8F40-BFB005B22BD3}.Release|x86.ActiveCfg = Release|Any CPU
		{0FCA8535-6671-417F-8F40-BFB005B22BD3}.Release|x86.Build.0 = Release|Any CPU
		{8F679995-9C4B-4667-9790-AB72E9FCC90E}.Ad-Hoc|Any CPU.ActiveCfg = Debug|Any CPU
		{8F679995-9C4B-4667-9790-AB72E9FCC90E}.Ad-Hoc|Any CPU.Build.0 = Debug|Any CPU
		{8F679995-9C4B-4667-9790-AB72E9FCC90E}.Ad-Hoc|ARM.ActiveCfg = Debug|Any CPU
		{8F679995-9C4B-4667-9790-AB72E9FCC90E}.Ad-Hoc|ARM.Build.0 = Debug|Any CPU
		{8F679995-9C4B-4667-9790-AB72E9FCC90E}.Ad-Hoc|iPhone.ActiveCfg = Debug|Any CPU
		{8F679995-9C4B-4667-9790-AB72E9FCC90E}.Ad-Hoc|iPhone.Build.0 = Debug|Any CPU
		{8F679995-9C4B-4667-9790-AB72E9FCC90E}.Ad-Hoc|iPhoneSimulator.ActiveCfg = Debug|Any CPU
		{8F679995-9C4B-4667-9790-AB72E9FCC90E}.Ad-Hoc|iPhoneSimulator.Build.0 = Debug|Any CPU
		{8F679995-9C4B-4667-9790-AB72E9FCC90E}.Ad-Hoc|x64.ActiveCfg = Debug|Any CPU
		{8F679995-9C4B-4667-9790-AB72E9FCC90E}.Ad-Hoc|x64.Build.0 = Debug|Any CPU
		{8F679995-9C4B-4667-9790-AB72E9FCC90E}.Ad-Hoc|x86.ActiveCfg = Debug|Any CPU
		{8F679995-9C4B-4667-9790-AB72E9FCC90E}.Ad-Hoc|x86.Build.0 = Debug|Any CPU
		{8F679995-9C4B-4667-9790-AB72E9FCC90E}.AppStore|Any CPU.ActiveCfg = Debug|Any CPU
		{8F679995-9C4B-4667-9790-AB72E9FCC90E}.AppStore|Any CPU.Build.0 = Debug|Any CPU
		{8F679995-9C4B-4667-9790-AB72E9FCC90E}.AppStore|ARM.ActiveCfg = Debug|Any CPU
		{8F679995-9C4B-4667-9790-AB72E9FCC90E}.AppStore|ARM.Build.0 = Debug|Any CPU
		{8F679995-9C4B-4667-9790-AB72E9FCC90E}.AppStore|iPhone.ActiveCfg = Debug|Any CPU
		{8F679995-9C4B-4667-9790-AB72E9FCC90E}.AppStore|iPhone.Build.0 = Debug|Any CPU
		{8F679995-9C4B-4667-9790-AB72E9FCC90E}.AppStore|iPhoneSimulator.ActiveCfg = Debug|Any CPU
		{8F679995-9C4B-4667-9790-AB72E9FCC90E}.AppStore|iPhoneSimulator.Build.0 = Debug|Any CPU
		{8F679995-9C4B-4667-9790-AB72E9FCC90E}.AppStore|x64.ActiveCfg = Debug|Any CPU
		{8F679995-9C4B-4667-9790-AB72E9FCC90E}.AppStore|x64.Build.0 = Debug|Any CPU
		{8F679995-9C4B-4667-9790-AB72E9FCC90E}.AppStore|x86.ActiveCfg = Debug|Any CPU
		{8F679995-9C4B-4667-9790-AB72E9FCC90E}.AppStore|x86.Build.0 = Debug|Any CPU
		{8F679995-9C4B-4667-9790-AB72E9FCC90E}.Debug|Any CPU.ActiveCfg = Debug|Any CPU
		{8F679995-9C4B-4667-9790-AB72E9FCC90E}.Debug|Any CPU.Build.0 = Debug|Any CPU
		{8F679995-9C4B-4667-9790-AB72E9FCC90E}.Debug|ARM.ActiveCfg = Debug|Any CPU
		{8F679995-9C4B-4667-9790-AB72E9FCC90E}.Debug|ARM.Build.0 = Debug|Any CPU
		{8F679995-9C4B-4667-9790-AB72E9FCC90E}.Debug|iPhone.ActiveCfg = Debug|Any CPU
		{8F679995-9C4B-4667-9790-AB72E9FCC90E}.Debug|iPhone.Build.0 = Debug|Any CPU
		{8F679995-9C4B-4667-9790-AB72E9FCC90E}.Debug|iPhoneSimulator.ActiveCfg = Debug|Any CPU
		{8F679995-9C4B-4667-9790-AB72E9FCC90E}.Debug|iPhoneSimulator.Build.0 = Debug|Any CPU
		{8F679995-9C4B-4667-9790-AB72E9FCC90E}.Debug|x64.ActiveCfg = Debug|Any CPU
		{8F679995-9C4B-4667-9790-AB72E9FCC90E}.Debug|x64.Build.0 = Debug|Any CPU
		{8F679995-9C4B-4667-9790-AB72E9FCC90E}.Debug|x86.ActiveCfg = Debug|Any CPU
		{8F679995-9C4B-4667-9790-AB72E9FCC90E}.Debug|x86.Build.0 = Debug|Any CPU
		{8F679995-9C4B-4667-9790-AB72E9FCC90E}.Release|Any CPU.ActiveCfg = Release|Any CPU
		{8F679995-9C4B-4667-9790-AB72E9FCC90E}.Release|Any CPU.Build.0 = Release|Any CPU
		{8F679995-9C4B-4667-9790-AB72E9FCC90E}.Release|ARM.ActiveCfg = Release|Any CPU
		{8F679995-9C4B-4667-9790-AB72E9FCC90E}.Release|ARM.Build.0 = Release|Any CPU
		{8F679995-9C4B-4667-9790-AB72E9FCC90E}.Release|iPhone.ActiveCfg = Release|Any CPU
		{8F679995-9C4B-4667-9790-AB72E9FCC90E}.Release|iPhone.Build.0 = Release|Any CPU
		{8F679995-9C4B-4667-9790-AB72E9FCC90E}.Release|iPhoneSimulator.ActiveCfg = Release|Any CPU
		{8F679995-9C4B-4667-9790-AB72E9FCC90E}.Release|iPhoneSimulator.Build.0 = Release|Any CPU
		{8F679995-9C4B-4667-9790-AB72E9FCC90E}.Release|x64.ActiveCfg = Release|Any CPU
		{8F679995-9C4B-4667-9790-AB72E9FCC90E}.Release|x64.Build.0 = Release|Any CPU
		{8F679995-9C4B-4667-9790-AB72E9FCC90E}.Release|x86.ActiveCfg = Release|Any CPU
		{8F679995-9C4B-4667-9790-AB72E9FCC90E}.Release|x86.Build.0 = Release|Any CPU
		{4F0CB335-ED10-498B-A2A2-0D4B3CF40227}.Ad-Hoc|Any CPU.ActiveCfg = Release|Any CPU
		{4F0CB335-ED10-498B-A2A2-0D4B3CF40227}.Ad-Hoc|Any CPU.Build.0 = Release|Any CPU
		{4F0CB335-ED10-498B-A2A2-0D4B3CF40227}.Ad-Hoc|ARM.ActiveCfg = Release|Any CPU
		{4F0CB335-ED10-498B-A2A2-0D4B3CF40227}.Ad-Hoc|ARM.Build.0 = Release|Any CPU
		{4F0CB335-ED10-498B-A2A2-0D4B3CF40227}.Ad-Hoc|iPhone.ActiveCfg = Release|Any CPU
		{4F0CB335-ED10-498B-A2A2-0D4B3CF40227}.Ad-Hoc|iPhone.Build.0 = Release|Any CPU
		{4F0CB335-ED10-498B-A2A2-0D4B3CF40227}.Ad-Hoc|iPhoneSimulator.ActiveCfg = Release|Any CPU
		{4F0CB335-ED10-498B-A2A2-0D4B3CF40227}.Ad-Hoc|iPhoneSimulator.Build.0 = Release|Any CPU
		{4F0CB335-ED10-498B-A2A2-0D4B3CF40227}.Ad-Hoc|x64.ActiveCfg = Release|Any CPU
		{4F0CB335-ED10-498B-A2A2-0D4B3CF40227}.Ad-Hoc|x64.Build.0 = Release|Any CPU
		{4F0CB335-ED10-498B-A2A2-0D4B3CF40227}.Ad-Hoc|x86.ActiveCfg = Release|Any CPU
		{4F0CB335-ED10-498B-A2A2-0D4B3CF40227}.Ad-Hoc|x86.Build.0 = Release|Any CPU
		{4F0CB335-ED10-498B-A2A2-0D4B3CF40227}.AppStore|Any CPU.ActiveCfg = Release|Any CPU
		{4F0CB335-ED10-498B-A2A2-0D4B3CF40227}.AppStore|Any CPU.Build.0 = Release|Any CPU
		{4F0CB335-ED10-498B-A2A2-0D4B3CF40227}.AppStore|ARM.ActiveCfg = Release|Any CPU
		{4F0CB335-ED10-498B-A2A2-0D4B3CF40227}.AppStore|ARM.Build.0 = Release|Any CPU
		{4F0CB335-ED10-498B-A2A2-0D4B3CF40227}.AppStore|iPhone.ActiveCfg = Release|Any CPU
		{4F0CB335-ED10-498B-A2A2-0D4B3CF40227}.AppStore|iPhone.Build.0 = Release|Any CPU
		{4F0CB335-ED10-498B-A2A2-0D4B3CF40227}.AppStore|iPhoneSimulator.ActiveCfg = Release|Any CPU
		{4F0CB335-ED10-498B-A2A2-0D4B3CF40227}.AppStore|iPhoneSimulator.Build.0 = Release|Any CPU
		{4F0CB335-ED10-498B-A2A2-0D4B3CF40227}.AppStore|x64.ActiveCfg = Release|Any CPU
		{4F0CB335-ED10-498B-A2A2-0D4B3CF40227}.AppStore|x64.Build.0 = Release|Any CPU
		{4F0CB335-ED10-498B-A2A2-0D4B3CF40227}.AppStore|x86.ActiveCfg = Release|Any CPU
		{4F0CB335-ED10-498B-A2A2-0D4B3CF40227}.AppStore|x86.Build.0 = Release|Any CPU
		{4F0CB335-ED10-498B-A2A2-0D4B3CF40227}.Debug|Any CPU.ActiveCfg = Debug|Any CPU
		{4F0CB335-ED10-498B-A2A2-0D4B3CF40227}.Debug|Any CPU.Build.0 = Debug|Any CPU
		{4F0CB335-ED10-498B-A2A2-0D4B3CF40227}.Debug|ARM.ActiveCfg = Debug|Any CPU
		{4F0CB335-ED10-498B-A2A2-0D4B3CF40227}.Debug|ARM.Build.0 = Debug|Any CPU
		{4F0CB335-ED10-498B-A2A2-0D4B3CF40227}.Debug|iPhone.ActiveCfg = Debug|Any CPU
		{4F0CB335-ED10-498B-A2A2-0D4B3CF40227}.Debug|iPhone.Build.0 = Debug|Any CPU
		{4F0CB335-ED10-498B-A2A2-0D4B3CF40227}.Debug|iPhoneSimulator.ActiveCfg = Debug|Any CPU
		{4F0CB335-ED10-498B-A2A2-0D4B3CF40227}.Debug|iPhoneSimulator.Build.0 = Debug|Any CPU
		{4F0CB335-ED10-498B-A2A2-0D4B3CF40227}.Debug|x64.ActiveCfg = Debug|Any CPU
		{4F0CB335-ED10-498B-A2A2-0D4B3CF40227}.Debug|x64.Build.0 = Debug|Any CPU
		{4F0CB335-ED10-498B-A2A2-0D4B3CF40227}.Debug|x86.ActiveCfg = Debug|Any CPU
		{4F0CB335-ED10-498B-A2A2-0D4B3CF40227}.Debug|x86.Build.0 = Debug|Any CPU
		{4F0CB335-ED10-498B-A2A2-0D4B3CF40227}.Release|Any CPU.ActiveCfg = Release|Any CPU
		{4F0CB335-ED10-498B-A2A2-0D4B3CF40227}.Release|Any CPU.Build.0 = Release|Any CPU
		{4F0CB335-ED10-498B-A2A2-0D4B3CF40227}.Release|ARM.ActiveCfg = Release|Any CPU
		{4F0CB335-ED10-498B-A2A2-0D4B3CF40227}.Release|ARM.Build.0 = Release|Any CPU
		{4F0CB335-ED10-498B-A2A2-0D4B3CF40227}.Release|iPhone.ActiveCfg = Release|Any CPU
		{4F0CB335-ED10-498B-A2A2-0D4B3CF40227}.Release|iPhone.Build.0 = Release|Any CPU
		{4F0CB335-ED10-498B-A2A2-0D4B3CF40227}.Release|iPhoneSimulator.ActiveCfg = Release|Any CPU
		{4F0CB335-ED10-498B-A2A2-0D4B3CF40227}.Release|iPhoneSimulator.Build.0 = Release|Any CPU
		{4F0CB335-ED10-498B-A2A2-0D4B3CF40227}.Release|x64.ActiveCfg = Release|Any CPU
		{4F0CB335-ED10-498B-A2A2-0D4B3CF40227}.Release|x64.Build.0 = Release|Any CPU
		{4F0CB335-ED10-498B-A2A2-0D4B3CF40227}.Release|x86.ActiveCfg = Release|Any CPU
		{4F0CB335-ED10-498B-A2A2-0D4B3CF40227}.Release|x86.Build.0 = Release|Any CPU
		{044C62DA-281F-4424-951F-5673FC23F90E}.Ad-Hoc|Any CPU.ActiveCfg = Ad-Hoc|iPhone
		{044C62DA-281F-4424-951F-5673FC23F90E}.Ad-Hoc|ARM.ActiveCfg = Ad-Hoc|iPhoneSimulator
		{044C62DA-281F-4424-951F-5673FC23F90E}.Ad-Hoc|iPhone.ActiveCfg = Ad-Hoc|iPhone
		{044C62DA-281F-4424-951F-5673FC23F90E}.Ad-Hoc|iPhone.Build.0 = Ad-Hoc|iPhone
		{044C62DA-281F-4424-951F-5673FC23F90E}.Ad-Hoc|iPhoneSimulator.ActiveCfg = Ad-Hoc|iPhoneSimulator
		{044C62DA-281F-4424-951F-5673FC23F90E}.Ad-Hoc|iPhoneSimulator.Build.0 = Ad-Hoc|iPhoneSimulator
		{044C62DA-281F-4424-951F-5673FC23F90E}.Ad-Hoc|x64.ActiveCfg = Ad-Hoc|iPhoneSimulator
		{044C62DA-281F-4424-951F-5673FC23F90E}.Ad-Hoc|x86.ActiveCfg = Ad-Hoc|iPhoneSimulator
		{044C62DA-281F-4424-951F-5673FC23F90E}.AppStore|Any CPU.ActiveCfg = AppStore|iPhone
		{044C62DA-281F-4424-951F-5673FC23F90E}.AppStore|ARM.ActiveCfg = AppStore|iPhoneSimulator
		{044C62DA-281F-4424-951F-5673FC23F90E}.AppStore|iPhone.ActiveCfg = AppStore|iPhone
		{044C62DA-281F-4424-951F-5673FC23F90E}.AppStore|iPhone.Build.0 = AppStore|iPhone
		{044C62DA-281F-4424-951F-5673FC23F90E}.AppStore|iPhoneSimulator.ActiveCfg = AppStore|iPhoneSimulator
		{044C62DA-281F-4424-951F-5673FC23F90E}.AppStore|iPhoneSimulator.Build.0 = AppStore|iPhoneSimulator
		{044C62DA-281F-4424-951F-5673FC23F90E}.AppStore|x64.ActiveCfg = AppStore|iPhoneSimulator
		{044C62DA-281F-4424-951F-5673FC23F90E}.AppStore|x86.ActiveCfg = AppStore|iPhoneSimulator
		{044C62DA-281F-4424-951F-5673FC23F90E}.Debug|Any CPU.ActiveCfg = Debug|iPhone
		{044C62DA-281F-4424-951F-5673FC23F90E}.Debug|Any CPU.Build.0 = Debug|iPhone
		{044C62DA-281F-4424-951F-5673FC23F90E}.Debug|ARM.ActiveCfg = Debug|iPhoneSimulator
		{044C62DA-281F-4424-951F-5673FC23F90E}.Debug|iPhone.ActiveCfg = Debug|iPhone
		{044C62DA-281F-4424-951F-5673FC23F90E}.Debug|iPhone.Build.0 = Debug|iPhone
		{044C62DA-281F-4424-951F-5673FC23F90E}.Debug|iPhoneSimulator.ActiveCfg = Debug|iPhoneSimulator
		{044C62DA-281F-4424-951F-5673FC23F90E}.Debug|iPhoneSimulator.Build.0 = Debug|iPhoneSimulator
		{044C62DA-281F-4424-951F-5673FC23F90E}.Debug|x64.ActiveCfg = Debug|iPhoneSimulator
		{044C62DA-281F-4424-951F-5673FC23F90E}.Debug|x86.ActiveCfg = Debug|iPhoneSimulator
		{044C62DA-281F-4424-951F-5673FC23F90E}.Release|Any CPU.ActiveCfg = Release|iPhone
		{044C62DA-281F-4424-951F-5673FC23F90E}.Release|ARM.ActiveCfg = Release|iPhoneSimulator
		{044C62DA-281F-4424-951F-5673FC23F90E}.Release|iPhone.ActiveCfg = Release|iPhone
		{044C62DA-281F-4424-951F-5673FC23F90E}.Release|iPhone.Build.0 = Release|iPhone
		{044C62DA-281F-4424-951F-5673FC23F90E}.Release|iPhoneSimulator.ActiveCfg = Release|iPhoneSimulator
		{044C62DA-281F-4424-951F-5673FC23F90E}.Release|iPhoneSimulator.Build.0 = Release|iPhoneSimulator
		{044C62DA-281F-4424-951F-5673FC23F90E}.Release|x64.ActiveCfg = Release|iPhoneSimulator
		{044C62DA-281F-4424-951F-5673FC23F90E}.Release|x86.ActiveCfg = Release|iPhoneSimulator
		{044C62DA-281F-4424-951F-5673FC23F90E}.Release|Any CPU.Build.0 = Release|iPhone
	EndGlobalSection
	GlobalSection(SolutionProperties) = preSolution
		HideSolutionNode = FALSE
	EndGlobalSection
	GlobalSection(NestedProjects) = preSolution
		{B9707591-2850-4732-A2F8-53B55A865C91} = {4CFA97A2-4FF3-4C1D-A241-AB515F1AA8D8}
		{CE2BDC7F-66F3-4A61-9C84-15643B74C7A3} = {113E3C2A-1A0C-44B4-B5BC-E6A6550DBA45}
		{4462058A-77A5-4F3E-92A3-EB6A46D5FD9D} = {113E3C2A-1A0C-44B4-B5BC-E6A6550DBA45}
		{C3EC3DE2-5494-451C-BE78-6C6B9A9A75F4} = {113E3C2A-1A0C-44B4-B5BC-E6A6550DBA45}
		{0FCA8535-6671-417F-8F40-BFB005B22BD3} = {113E3C2A-1A0C-44B4-B5BC-E6A6550DBA45}
		{8F679995-9C4B-4667-9790-AB72E9FCC90E} = {23F3CAFE-73E4-4E17-9AB6-E89DA96DC7EF}
		{4F0CB335-ED10-498B-A2A2-0D4B3CF40227} = {113E3C2A-1A0C-44B4-B5BC-E6A6550DBA45}
		{044C62DA-281F-4424-951F-5673FC23F90E} = {4CFA97A2-4FF3-4C1D-A241-AB515F1AA8D8}
	EndGlobalSection
	GlobalSection(ExtensibilityGlobals) = postSolution
		SolutionGuid = {409CD63A-D21C-47CB-B54F-282A689387E1}
	EndGlobalSection
EndGlobal
